// !$*UTF8*$!
{
	archiveVersion = 1;
	classes = {
	};
	objectVersion = 56;
	objects = {

/* Begin PBXBuildFile section */
		100000000000000000000001 /* HarvestApp.swift in Sources */ = {isa = PBXBuildFile; fileRef = 200000000000000000000001 /* HarvestApp.swift */; };
		100000000000000000000002 /* Core.swift in Sources */ = {isa = PBXBuildFile; fileRef = 200000000000000000000002 /* Core.swift */; };
		100000000000000000000003 /* SharedViews.swift in Sources */ = {isa = PBXBuildFile; fileRef = 200000000000000000000003 /* SharedViews.swift */; };
		100000000000000000000004 /* PrimaryFeatures.swift in Sources */ = {isa = PBXBuildFile; fileRef = 200000000000000000000004 /* PrimaryFeatures.swift */; };
		100000000000000000000005 /* SecondaryFeatures.swift in Sources */ = {isa = PBXBuildFile; fileRef = 200000000000000000000005 /* SecondaryFeatures.swift */; };
		100000000000000000000006 /* ManagementFeatures.swift in Sources */ = {isa = PBXBuildFile; fileRef = 200000000000000000000006 /* ManagementFeatures.swift */; };
		100000000000000000000007 /* Assets.xcassets in Resources */ = {isa = PBXBuildFile; fileRef = 200000000000000000000007 /* Assets.xcassets */; };
		100000000000000000000008 /* SiteFeatures.swift in Sources */ = {isa = PBXBuildFile; fileRef = 20000000000000000000000B /* SiteFeatures.swift */; };
		100000000000000000000009 /* DownloadFeatures.swift in Sources */ = {isa = PBXBuildFile; fileRef = 20000000000000000000000C /* DownloadFeatures.swift */; };
		10000000000000000000000A /* PrivacyInfo.xcprivacy in Resources */ = {isa = PBXBuildFile; fileRef = 20000000000000000000000D /* PrivacyInfo.xcprivacy */; };
		10000000000000000000000B /* PerformanceMonitoring.swift in Sources */ = {isa = PBXBuildFile; fileRef = 20000000000000000000000E /* PerformanceMonitoring.swift */; };
		10000000000000000000000C /* SafariExtensionSupport.swift in Sources */ = {isa = PBXBuildFile; fileRef = 20000000000000000000000F /* SafariExtensionSupport.swift */; };
		B00000000000000000000001 /* SafariWebExtensionHandler.swift in Sources */ = {isa = PBXBuildFile; fileRef = B10000000000000000000002 /* SafariWebExtensionHandler.swift */; };
		B00000000000000000000002 /* manifest.json in Resources */ = {isa = PBXBuildFile; fileRef = B10000000000000000000003 /* manifest.json */; };
		B00000000000000000000003 /* background.js in Resources */ = {isa = PBXBuildFile; fileRef = B10000000000000000000004 /* background.js */; };
		B00000000000000000000004 /* operate.html in Resources */ = {isa = PBXBuildFile; fileRef = B10000000000000000000005 /* operate.html */; };
		B00000000000000000000005 /* popup.html in Resources */ = {isa = PBXBuildFile; fileRef = B10000000000000000000006 /* popup.html */; };
		B00000000000000000000006 /* assets in Resources */ = {isa = PBXBuildFile; fileRef = B10000000000000000000007 /* assets */; };
		B00000000000000000000007 /* chunks in Resources */ = {isa = PBXBuildFile; fileRef = B10000000000000000000008 /* chunks */; };
		B00000000000000000000008 /* content-scripts in Resources */ = {isa = PBXBuildFile; fileRef = B10000000000000000000009 /* content-scripts */; };
		B00000000000000000000009 /* icon in Resources */ = {isa = PBXBuildFile; fileRef = B1000000000000000000000A /* icon */; };
		B0000000000000000000000A /* HarvestSafariExtension.appex in Embed App Extensions */ = {isa = PBXBuildFile; fileRef = B1000000000000000000000B /* HarvestSafariExtension.appex */; settings = {ATTRIBUTES = (RemoveHeadersOnCopy, ); }; };
		D00000000000000000000001 /* SafariWebExtensionHandler.swift in Sources */ = {isa = PBXBuildFile; fileRef = D20000000000000000000002 /* SafariWebExtensionHandler.swift */; };
		D00000000000000000000002 /* manifest.json in Resources */ = {isa = PBXBuildFile; fileRef = D20000000000000000000003 /* manifest.json */; };
		D00000000000000000000003 /* background.js in Resources */ = {isa = PBXBuildFile; fileRef = D20000000000000000000004 /* background.js */; };
		D00000000000000000000004 /* popup.html in Resources */ = {isa = PBXBuildFile; fileRef = D20000000000000000000005 /* popup.html */; };
		D00000000000000000000005 /* assets in Resources */ = {isa = PBXBuildFile; fileRef = D20000000000000000000006 /* assets */; };
		D00000000000000000000006 /* chunks in Resources */ = {isa = PBXBuildFile; fileRef = D20000000000000000000007 /* chunks */; };
		D00000000000000000000007 /* content-scripts in Resources */ = {isa = PBXBuildFile; fileRef = D20000000000000000000008 /* content-scripts */; };
		D00000000000000000000008 /* icon in Resources */ = {isa = PBXBuildFile; fileRef = D20000000000000000000009 /* icon */; };
		D00000000000000000000009 /* _locales in Resources */ = {isa = PBXBuildFile; fileRef = D2000000000000000000000A /* _locales */; };
		D0000000000000000000000A /* CookieCloudSafariExtension.appex in Embed App Extensions */ = {isa = PBXBuildFile; fileRef = D2000000000000000000000B /* CookieCloudSafariExtension.appex */; settings = {ATTRIBUTES = (RemoveHeadersOnCopy, ); }; };
		D0000000000000000000000B /* safari-background.js in Resources */ = {isa = PBXBuildFile; fileRef = D2000000000000000000000C /* safari-background.js */; };
/* End PBXBuildFile section */

/* Begin PBXContainerItemProxy section */
		C00000000000000000000001 /* PBXContainerItemProxy */ = {
			isa = PBXContainerItemProxy;
			containerPortal = 600000000000000000000001 /* Project object */;
			proxyType = 1;
			remoteGlobalIDString = B50000000000000000000001;
			remoteInfo = HarvestSafariExtension;
		};
		D10000000000000000000001 /* PBXContainerItemProxy */ = {
			isa = PBXContainerItemProxy;
			containerPortal = 600000000000000000000001 /* Project object */;
			proxyType = 1;
			remoteGlobalIDString = D50000000000000000000001;
			remoteInfo = CookieCloudSafariExtension;
		};
/* End PBXContainerItemProxy section */

/* Begin PBXCopyFilesBuildPhase section */
		B40000000000000000000001 /* Embed App Extensions */ = {
			isa = PBXCopyFilesBuildPhase;
			buildActionMask = 2147483647;
			dstPath = "";
			dstSubfolderSpec = 13;
			files = (
				B0000000000000000000000A /* HarvestSafariExtension.appex in Embed App Extensions */,
				D0000000000000000000000A /* CookieCloudSafariExtension.appex in Embed App Extensions */,
			);
			name = "Embed App Extensions";
			runOnlyForDeploymentPostprocessing = 0;
		};
/* End PBXCopyFilesBuildPhase section */

/* Begin PBXFileReference section */
		200000000000000000000001 /* HarvestApp.swift */ = {isa = PBXFileReference; lastKnownFileType = sourcecode.swift; path = HarvestApp.swift; sourceTree = "<group>"; };
		200000000000000000000002 /* Core.swift */ = {isa = PBXFileReference; lastKnownFileType = sourcecode.swift; path = Core.swift; sourceTree = "<group>"; };
		200000000000000000000003 /* SharedViews.swift */ = {isa = PBXFileReference; lastKnownFileType = sourcecode.swift; path = SharedViews.swift; sourceTree = "<group>"; };
		200000000000000000000004 /* PrimaryFeatures.swift */ = {isa = PBXFileReference; lastKnownFileType = sourcecode.swift; path = PrimaryFeatures.swift; sourceTree = "<group>"; };
		200000000000000000000005 /* SecondaryFeatures.swift */ = {isa = PBXFileReference; lastKnownFileType = sourcecode.swift; path = SecondaryFeatures.swift; sourceTree = "<group>"; };
		200000000000000000000006 /* ManagementFeatures.swift */ = {isa = PBXFileReference; lastKnownFileType = sourcecode.swift; path = ManagementFeatures.swift; sourceTree = "<group>"; };
		200000000000000000000007 /* Assets.xcassets */ = {isa = PBXFileReference; lastKnownFileType = folder.assetcatalog; path = Assets.xcassets; sourceTree = "<group>"; };
		200000000000000000000008 /* Info.plist */ = {isa = PBXFileReference; lastKnownFileType = text.plist.xml; path = Info.plist; sourceTree = "<group>"; };
		200000000000000000000009 /* Harvest.app */ = {isa = PBXFileReference; explicitFileType = wrapper.application; includeInIndex = 0; path = Harvest.app; sourceTree = BUILT_PRODUCTS_DIR; };
		20000000000000000000000A /* README.md */ = {isa = PBXFileReference; lastKnownFileType = net.daringfireball.markdown; path = README.md; sourceTree = "<group>"; };
		20000000000000000000000B /* SiteFeatures.swift */ = {isa = PBXFileReference; lastKnownFileType = sourcecode.swift; path = SiteFeatures.swift; sourceTree = "<group>"; };
		20000000000000000000000C /* DownloadFeatures.swift */ = {isa = PBXFileReference; lastKnownFileType = sourcecode.swift; path = DownloadFeatures.swift; sourceTree = "<group>"; };
		20000000000000000000000D /* PrivacyInfo.xcprivacy */ = {isa = PBXFileReference; lastKnownFileType = text.xml; path = PrivacyInfo.xcprivacy; sourceTree = "<group>"; };
		20000000000000000000000E /* PerformanceMonitoring.swift */ = {isa = PBXFileReference; lastKnownFileType = sourcecode.swift; path = PerformanceMonitoring.swift; sourceTree = "<group>"; };
		20000000000000000000000F /* SafariExtensionSupport.swift */ = {isa = PBXFileReference; lastKnownFileType = sourcecode.swift; path = SafariExtensionSupport.swift; sourceTree = "<group>"; };
		B10000000000000000000001 /* Info.plist */ = {isa = PBXFileReference; lastKnownFileType = text.plist.xml; path = Info.plist; sourceTree = "<group>"; };
		B10000000000000000000002 /* SafariWebExtensionHandler.swift */ = {isa = PBXFileReference; lastKnownFileType = sourcecode.swift; path = SafariWebExtensionHandler.swift; sourceTree = "<group>"; };
		B10000000000000000000003 /* manifest.json */ = {isa = PBXFileReference; lastKnownFileType = text.json; path = manifest.json; sourceTree = "<group>"; };
		B10000000000000000000004 /* background.js */ = {isa = PBXFileReference; lastKnownFileType = sourcecode.javascript; path = background.js; sourceTree = "<group>"; };
		B10000000000000000000005 /* operate.html */ = {isa = PBXFileReference; lastKnownFileType = text.html; path = operate.html; sourceTree = "<group>"; };
		B10000000000000000000006 /* popup.html */ = {isa = PBXFileReference; lastKnownFileType = text.html; path = popup.html; sourceTree = "<group>"; };
		B10000000000000000000007 /* assets */ = {isa = PBXFileReference; lastKnownFileType = folder; path = assets; sourceTree = "<group>"; };
		B10000000000000000000008 /* chunks */ = {isa = PBXFileReference; lastKnownFileType = folder; path = chunks; sourceTree = "<group>"; };
		B10000000000000000000009 /* content-scripts */ = {isa = PBXFileReference; lastKnownFileType = folder; path = "content-scripts"; sourceTree = "<group>"; };
		B1000000000000000000000A /* icon */ = {isa = PBXFileReference; lastKnownFileType = folder; path = icon; sourceTree = "<group>"; };
		B1000000000000000000000B /* HarvestSafariExtension.appex */ = {isa = PBXFileReference; explicitFileType = "wrapper.app-extension"; includeInIndex = 0; path = HarvestSafariExtension.appex; sourceTree = BUILT_PRODUCTS_DIR; };
		D20000000000000000000001 /* Info.plist */ = {isa = PBXFileReference; lastKnownFileType = text.plist.xml; path = Info.plist; sourceTree = "<group>"; };
		D20000000000000000000002 /* SafariWebExtensionHandler.swift */ = {isa = PBXFileReference; lastKnownFileType = sourcecode.swift; path = SafariWebExtensionHandler.swift; sourceTree = "<group>"; };
		D20000000000000000000003 /* manifest.json */ = {isa = PBXFileReference; lastKnownFileType = text.json; path = manifest.json; sourceTree = "<group>"; };
		D20000000000000000000004 /* background.js */ = {isa = PBXFileReference; lastKnownFileType = sourcecode.javascript; path = background.js; sourceTree = "<group>"; };
		D20000000000000000000005 /* popup.html */ = {isa = PBXFileReference; lastKnownFileType = text.html; path = popup.html; sourceTree = "<group>"; };
		D20000000000000000000006 /* assets */ = {isa = PBXFileReference; lastKnownFileType = folder; path = assets; sourceTree = "<group>"; };
		D20000000000000000000007 /* chunks */ = {isa = PBXFileReference; lastKnownFileType = folder; path = chunks; sourceTree = "<group>"; };
		D20000000000000000000008 /* content-scripts */ = {isa = PBXFileReference; lastKnownFileType = folder; path = "content-scripts"; sourceTree = "<group>"; };
		D20000000000000000000009 /* icon */ = {isa = PBXFileReference; lastKnownFileType = folder; path = icon; sourceTree = "<group>"; };
		D2000000000000000000000A /* _locales */ = {isa = PBXFileReference; lastKnownFileType = folder; path = _locales; sourceTree = "<group>"; };
		D2000000000000000000000B /* CookieCloudSafariExtension.appex */ = {isa = PBXFileReference; explicitFileType = "wrapper.app-extension"; includeInIndex = 0; path = CookieCloudSafariExtension.appex; sourceTree = BUILT_PRODUCTS_DIR; };
		D2000000000000000000000C /* safari-background.js */ = {isa = PBXFileReference; lastKnownFileType = sourcecode.javascript; path = "safari-background.js"; sourceTree = "<group>"; };
/* End PBXFileReference section */

/* Begin PBXFrameworksBuildPhase section */
		300000000000000000000001 /* Frameworks */ = {
			isa = PBXFrameworksBuildPhase;
			buildActionMask = 2147483647;
			files = (
			);
			runOnlyForDeploymentPostprocessing = 0;
		};
		B30000000000000000000001 /* Frameworks */ = {
			isa = PBXFrameworksBuildPhase;
			buildActionMask = 2147483647;
			files = (
			);
			runOnlyForDeploymentPostprocessing = 0;
		};
		D30000000000000000000001 /* Frameworks */ = {
			isa = PBXFrameworksBuildPhase;
			buildActionMask = 2147483647;
			files = (
			);
			runOnlyForDeploymentPostprocessing = 0;
		};
/* End PBXFrameworksBuildPhase section */

/* Begin PBXGroup section */
		400000000000000000000001 = {
			isa = PBXGroup;
			children = (
				400000000000000000000002 /* Harvest */,
				B20000000000000000000001 /* HarvestSafariExtension */,
				D40000000000000000000001 /* CookieCloudSafariExtension */,
				400000000000000000000003 /* Products */,
				20000000000000000000000A /* README.md */,
			);
			sourceTree = "<group>";
		};
		400000000000000000000002 /* Harvest */ = {
			isa = PBXGroup;
			children = (
				200000000000000000000001 /* HarvestApp.swift */,
				200000000000000000000002 /* Core.swift */,
				20000000000000000000000E /* PerformanceMonitoring.swift */,
				200000000000000000000003 /* SharedViews.swift */,
				200000000000000000000004 /* PrimaryFeatures.swift */,
				20000000000000000000000B /* SiteFeatures.swift */,
				20000000000000000000000C /* DownloadFeatures.swift */,
				200000000000000000000005 /* SecondaryFeatures.swift */,
				200000000000000000000006 /* ManagementFeatures.swift */,
				20000000000000000000000F /* SafariExtensionSupport.swift */,
				200000000000000000000007 /* Assets.xcassets */,
				200000000000000000000008 /* Info.plist */,
				20000000000000000000000D /* PrivacyInfo.xcprivacy */,
			);
			path = Harvest;
			sourceTree = "<group>";
		};
		400000000000000000000003 /* Products */ = {
			isa = PBXGroup;
			children = (
				200000000000000000000009 /* Harvest.app */,
				B1000000000000000000000B /* HarvestSafariExtension.appex */,
				D2000000000000000000000B /* CookieCloudSafariExtension.appex */,
			);
			name = Products;
			sourceTree = "<group>";
		};
		B20000000000000000000001 /* HarvestSafariExtension */ = {
			isa = PBXGroup;
			children = (
				B10000000000000000000002 /* SafariWebExtensionHandler.swift */,
				B10000000000000000000001 /* Info.plist */,
				B20000000000000000000002 /* Resources */,
			);
			path = HarvestSafariExtension;
			sourceTree = "<group>";
		};
		B20000000000000000000002 /* Resources */ = {
			isa = PBXGroup;
			children = (
				B10000000000000000000003 /* manifest.json */,
				B10000000000000000000004 /* background.js */,
				B10000000000000000000005 /* operate.html */,
				B10000000000000000000006 /* popup.html */,
				B10000000000000000000007 /* assets */,
				B10000000000000000000008 /* chunks */,
				B10000000000000000000009 /* content-scripts */,
				B1000000000000000000000A /* icon */,
			);
			path = Resources;
			sourceTree = "<group>";
		};
		D40000000000000000000001 /* CookieCloudSafariExtension */ = {
			isa = PBXGroup;
			children = (
				D20000000000000000000002 /* SafariWebExtensionHandler.swift */,
				D20000000000000000000001 /* Info.plist */,
				D40000000000000000000002 /* Resources */,
			);
			path = CookieCloudSafariExtension;
			sourceTree = "<group>";
		};
		D40000000000000000000002 /* Resources */ = {
			isa = PBXGroup;
			children = (
				D20000000000000000000003 /* manifest.json */,
				D2000000000000000000000C /* safari-background.js */,
				D20000000000000000000004 /* background.js */,
				D20000000000000000000005 /* popup.html */,
				D20000000000000000000006 /* assets */,
				D20000000000000000000007 /* chunks */,
				D20000000000000000000008 /* content-scripts */,
				D20000000000000000000009 /* icon */,
				D2000000000000000000000A /* _locales */,
			);
			path = Resources;
			sourceTree = "<group>";
		};
/* End PBXGroup section */

/* Begin PBXNativeTarget section */
		500000000000000000000001 /* Harvest */ = {
			isa = PBXNativeTarget;
			buildConfigurationList = 900000000000000000000002 /* Build configuration list for PBXNativeTarget "Harvest" */;
			buildPhases = (
				700000000000000000000001 /* Sources */,
				300000000000000000000001 /* Frameworks */,
				800000000000000000000001 /* Resources */,
				B40000000000000000000001 /* Embed App Extensions */,
			);
			buildRules = (
			);
			dependencies = (
				C10000000000000000000001 /* PBXTargetDependency */,
				D80000000000000000000001 /* PBXTargetDependency */,
			);
			name = Harvest;
			productName = Harvest;
			productReference = 200000000000000000000009 /* Harvest.app */;
			productType = "com.apple.product-type.application";
		};
		B50000000000000000000001 /* HarvestSafariExtension */ = {
			isa = PBXNativeTarget;
			buildConfigurationList = C30000000000000000000001 /* Build configuration list for PBXNativeTarget "HarvestSafariExtension" */;
			buildPhases = (
				B70000000000000000000001 /* Sources */,
				B30000000000000000000001 /* Frameworks */,
				B80000000000000000000001 /* Resources */,
			);
			buildRules = (
			);
			dependencies = (
			);
			name = HarvestSafariExtension;
			productName = HarvestSafariExtension;
			productReference = B1000000000000000000000B /* HarvestSafariExtension.appex */;
			productType = "com.apple.product-type.app-extension";
		};
		D50000000000000000000001 /* CookieCloudSafariExtension */ = {
			isa = PBXNativeTarget;
			buildConfigurationList = DA0000000000000000000001 /* Build configuration list for PBXNativeTarget "CookieCloudSafariExtension" */;
			buildPhases = (
				D70000000000000000000001 /* Sources */,
				D30000000000000000000001 /* Frameworks */,
				D60000000000000000000001 /* Resources */,
			);
			buildRules = (
			);
			dependencies = (
			);
			name = CookieCloudSafariExtension;
			productName = CookieCloudSafariExtension;
			productReference = D2000000000000000000000B /* CookieCloudSafariExtension.appex */;
			productType = "com.apple.product-type.app-extension";
		};
/* End PBXNativeTarget section */

/* Begin PBXProject section */
		600000000000000000000001 /* Project object */ = {
			isa = PBXProject;
			attributes = {
				BuildIndependentTargetsInParallel = YES;
				LastSwiftUpdateCheck = 1600;
				LastUpgradeCheck = 1600;
				TargetAttributes = {
					500000000000000000000001 = {
						CreatedOnToolsVersion = 16.0;
					};
					B50000000000000000000001 = {
						CreatedOnToolsVersion = 16.0;
					};
					D50000000000000000000001 = {
						CreatedOnToolsVersion = 16.0;
					};
				};
			};
			buildConfigurationList = 900000000000000000000001 /* Build configuration list for PBXProject "Harvest" */;
			compatibilityVersion = "Xcode 14.0";
			developmentRegion = zh_CN;
			hasScannedForEncodings = 0;
			knownRegions = (
				en,
				Base,
				zh_CN,
			);
			mainGroup = 400000000000000000000001;
			productRefGroup = 400000000000000000000003 /* Products */;
			projectDirPath = "";
			projectRoot = "";
			targets = (
				500000000000000000000001 /* Harvest */,
				B50000000000000000000001 /* HarvestSafariExtension */,
				D50000000000000000000001 /* CookieCloudSafariExtension */,
			);
		};
/* End PBXProject section */

/* Begin PBXResourcesBuildPhase section */
		800000000000000000000001 /* Resources */ = {
			isa = PBXResourcesBuildPhase;
			buildActionMask = 2147483647;
			files = (
				100000000000000000000007 /* Assets.xcassets in Resources */,
				10000000000000000000000A /* PrivacyInfo.xcprivacy in Resources */,
			);
			runOnlyForDeploymentPostprocessing = 0;
		};
		B80000000000000000000001 /* Resources */ = {
			isa = PBXResourcesBuildPhase;
			buildActionMask = 2147483647;
			files = (
				B00000000000000000000002 /* manifest.json in Resources */,
				B00000000000000000000003 /* background.js in Resources */,
				B00000000000000000000004 /* operate.html in Resources */,
				B00000000000000000000005 /* popup.html in Resources */,
				B00000000000000000000006 /* assets in Resources */,
				B00000000000000000000007 /* chunks in Resources */,
				B00000000000000000000008 /* content-scripts in Resources */,
				B00000000000000000000009 /* icon in Resources */,
			);
			runOnlyForDeploymentPostprocessing = 0;
		};
		D60000000000000000000001 /* Resources */ = {
			isa = PBXResourcesBuildPhase;
			buildActionMask = 2147483647;
			files = (
				D00000000000000000000002 /* manifest.json in Resources */,
				D0000000000000000000000B /* safari-background.js in Resources */,
				D00000000000000000000003 /* background.js in Resources */,
				D00000000000000000000004 /* popup.html in Resources */,
				D00000000000000000000005 /* assets in Resources */,
				D00000000000000000000006 /* chunks in Resources */,
				D00000000000000000000007 /* content-scripts in Resources */,
				D00000000000000000000008 /* icon in Resources */,
				D00000000000000000000009 /* _locales in Resources */,
			);
			runOnlyForDeploymentPostprocessing = 0;
		};
/* End PBXResourcesBuildPhase section */

/* Begin PBXSourcesBuildPhase section */
		700000000000000000000001 /* Sources */ = {
			isa = PBXSourcesBuildPhase;
			buildActionMask = 2147483647;
			files = (
				100000000000000000000001 /* HarvestApp.swift in Sources */,
				100000000000000000000002 /* Core.swift in Sources */,
				10000000000000000000000B /* PerformanceMonitoring.swift in Sources */,
				100000000000000000000003 /* SharedViews.swift in Sources */,
				100000000000000000000004 /* PrimaryFeatures.swift in Sources */,
				100000000000000000000008 /* SiteFeatures.swift in Sources */,
				100000000000000000000009 /* DownloadFeatures.swift in Sources */,
				100000000000000000000005 /* SecondaryFeatures.swift in Sources */,
				100000000000000000000006 /* ManagementFeatures.swift in Sources */,
				10000000000000000000000C /* SafariExtensionSupport.swift in Sources */,
			);
			runOnlyForDeploymentPostprocessing = 0;
		};
		B70000000000000000000001 /* Sources */ = {
			isa = PBXSourcesBuildPhase;
			buildActionMask = 2147483647;
			files = (
				B00000000000000000000001 /* SafariWebExtensionHandler.swift in Sources */,
			);
			runOnlyForDeploymentPostprocessing = 0;
		};
		D70000000000000000000001 /* Sources */ = {
			isa = PBXSourcesBuildPhase;
			buildActionMask = 2147483647;
			files = (
				D00000000000000000000001 /* SafariWebExtensionHandler.swift in Sources */,
			);
			runOnlyForDeploymentPostprocessing = 0;
		};
/* End PBXSourcesBuildPhase section */

/* Begin PBXTargetDependency section */
		C10000000000000000000001 /* PBXTargetDependency */ = {
			isa = PBXTargetDependency;
			target = B50000000000000000000001 /* HarvestSafariExtension */;
			targetProxy = C00000000000000000000001 /* PBXContainerItemProxy */;
		};
		D80000000000000000000001 /* PBXTargetDependency */ = {
			isa = PBXTargetDependency;
			target = D50000000000000000000001 /* CookieCloudSafariExtension */;
			targetProxy = D10000000000000000000001 /* PBXContainerItemProxy */;
		};
/* End PBXTargetDependency section */

/* Begin XCBuildConfiguration section */
		A00000000000000000000001 /* Debug */ = {
			isa = XCBuildConfiguration;
			buildSettings = {
				ALWAYS_SEARCH_USER_PATHS = NO;
				CLANG_ANALYZER_NONNULL = YES;
				CLANG_CXX_LANGUAGE_STANDARD = "gnu++20";
				CLANG_ENABLE_MODULES = YES;
				CLANG_ENABLE_OBJC_ARC = YES;
				COPY_PHASE_STRIP = NO;
				DEBUG_INFORMATION_FORMAT = dwarf;
				ENABLE_TESTABILITY = YES;
				GCC_C_LANGUAGE_STANDARD = gnu17;
				GCC_OPTIMIZATION_LEVEL = 0;
				GCC_PREPROCESSOR_DEFINITIONS = ("DEBUG=1", "$(inherited)");
				IPHONEOS_DEPLOYMENT_TARGET = 17.0;
				MTL_ENABLE_DEBUG_INFO = INCLUDE_SOURCE;
				ONLY_ACTIVE_ARCH = YES;
				SDKROOT = iphoneos;
				SWIFT_ACTIVE_COMPILATION_CONDITIONS = "DEBUG $(inherited)";
				SWIFT_COMPILATION_MODE = incremental;
				SWIFT_ENABLE_BATCH_MODE = YES;
				SWIFT_OPTIMIZATION_LEVEL = "-Onone";
			};
			name = Debug;
		};
		A00000000000000000000002 /* Release */ = {
			isa = XCBuildConfiguration;
			buildSettings = {
				ALWAYS_SEARCH_USER_PATHS = NO;
				CLANG_ANALYZER_NONNULL = YES;
				CLANG_CXX_LANGUAGE_STANDARD = "gnu++20";
				CLANG_ENABLE_MODULES = YES;
				CLANG_ENABLE_OBJC_ARC = YES;
				COPY_PHASE_STRIP = NO;
				DEBUG_INFORMATION_FORMAT = "dwarf-with-dsym";
				ENABLE_NS_ASSERTIONS = NO;
				GCC_C_LANGUAGE_STANDARD = gnu17;
				IPHONEOS_DEPLOYMENT_TARGET = 17.0;
				MTL_ENABLE_DEBUG_INFO = NO;
				SDKROOT = iphoneos;
				SWIFT_COMPILATION_MODE = wholemodule;
				SWIFT_ENABLE_BATCH_MODE = YES;
				SWIFT_OPTIMIZATION_LEVEL = "-O";
				VALIDATE_PRODUCT = YES;
			};
			name = Release;
		};
		A00000000000000000000003 /* Debug */ = {
			isa = XCBuildConfiguration;
			buildSettings = {
				ASSETCATALOG_COMPILER_APPICON_NAME = AppIcon;
				ASSETCATALOG_COMPILER_GLOBAL_ACCENT_COLOR_NAME = AccentColor;
				CODE_SIGNING_ALLOWED = NO;
				CODE_SIGNING_REQUIRED = NO;
				CODE_SIGN_STYLE = Automatic;
				CURRENT_PROJECT_VERSION = 291;
				DEVELOPMENT_TEAM = "";
				ENABLE_PREVIEWS = YES;
				GENERATE_INFOPLIST_FILE = NO;
				INFOPLIST_FILE = Harvest/Info.plist;
				INFOPLIST_KEY_CFBundleDisplayName = Harvest;
				IPHONEOS_DEPLOYMENT_TARGET = 17.0;
				LD_RUNPATH_SEARCH_PATHS = ("$(inherited)", "@executable_path/Frameworks");
				MARKETING_VERSION = 2026.0731.01;
				PRODUCT_BUNDLE_IDENTIFIER = com.ptools.harvest;
				PRODUCT_NAME = "$(TARGET_NAME)";
				SUPPORTED_PLATFORMS = "iphoneos iphonesimulator";
				SUPPORTS_MACCATALYST = NO;
				SWIFT_EMIT_LOC_STRINGS = YES;
				SWIFT_VERSION = 5.0;
				TARGETED_DEVICE_FAMILY = "1,2";
			};
			name = Debug;
		};
		A00000000000000000000004 /* Release */ = {
			isa = XCBuildConfiguration;
			buildSettings = {
				ASSETCATALOG_COMPILER_APPICON_NAME = AppIcon;
				ASSETCATALOG_COMPILER_GLOBAL_ACCENT_COLOR_NAME = AccentColor;
				CODE_SIGNING_ALLOWED = NO;
				CODE_SIGNING_REQUIRED = NO;
				CODE_SIGN_STYLE = Automatic;
				CURRENT_PROJECT_VERSION = 291;
				DEVELOPMENT_TEAM = "";
				ENABLE_PREVIEWS = NO;
				GENERATE_INFOPLIST_FILE = NO;
				INFOPLIST_FILE = Harvest/Info.plist;
				INFOPLIST_KEY_CFBundleDisplayName = Harvest;
				IPHONEOS_DEPLOYMENT_TARGET = 17.0;
				LD_RUNPATH_SEARCH_PATHS = ("$(inherited)", "@executable_path/Frameworks");
				MARKETING_VERSION = 2026.0731.01;
				PRODUCT_BUNDLE_IDENTIFIER = com.ptools.harvest;
				PRODUCT_NAME = "$(TARGET_NAME)";
				SUPPORTED_PLATFORMS = "iphoneos iphonesimulator";
				SUPPORTS_MACCATALYST = NO;
				SWIFT_EMIT_LOC_STRINGS = NO;
				SWIFT_VERSION = 5.0;
				TARGETED_DEVICE_FAMILY = "1,2";
			};
			name = Release;
		};
		C20000000000000000000001 /* Debug */ = {
			isa = XCBuildConfiguration;
			buildSettings = {
				APPLICATION_EXTENSION_API_ONLY = YES;
				CODE_SIGNING_ALLOWED = NO;
				CODE_SIGNING_REQUIRED = NO;
				CODE_SIGN_STYLE = Automatic;
				CURRENT_PROJECT_VERSION = 291;
				DEVELOPMENT_TEAM = "";
				GENERATE_INFOPLIST_FILE = NO;
				INFOPLIST_FILE = HarvestSafariExtension/Info.plist;
				IPHONEOS_DEPLOYMENT_TARGET = 17.0;
				LD_RUNPATH_SEARCH_PATHS = ("$(inherited)", "@executable_path/../../Frameworks");
				MARKETING_VERSION = 2026.0731.01;
				PRODUCT_BUNDLE_IDENTIFIER = com.ptools.harvest.SafariExtension;
				PRODUCT_NAME = "$(TARGET_NAME)";
				SKIP_INSTALL = YES;
				SUPPORTED_PLATFORMS = "iphoneos iphonesimulator";
				SWIFT_EMIT_LOC_STRINGS = YES;
				SWIFT_VERSION = 5.0;
				TARGETED_DEVICE_FAMILY = "1,2";
			};
			name = Debug;
		};
		C20000000000000000000002 /* Release */ = {
			isa = XCBuildConfiguration;
			buildSettings = {
				APPLICATION_EXTENSION_API_ONLY = YES;
				CODE_SIGNING_ALLOWED = NO;
				CODE_SIGNING_REQUIRED = NO;
				CODE_SIGN_STYLE = Automatic;
				CURRENT_PROJECT_VERSION = 291;
				DEVELOPMENT_TEAM = "";
				GENERATE_INFOPLIST_FILE = NO;
				INFOPLIST_FILE = HarvestSafariExtension/Info.plist;
				IPHONEOS_DEPLOYMENT_TARGET = 17.0;
				LD_RUNPATH_SEARCH_PATHS = ("$(inherited)", "@executable_path/../../Frameworks");
				MARKETING_VERSION = 2026.0731.01;
				PRODUCT_BUNDLE_IDENTIFIER = com.ptools.harvest.SafariExtension;
				PRODUCT_NAME = "$(TARGET_NAME)";
				SKIP_INSTALL = YES;
				SUPPORTED_PLATFORMS = "iphoneos iphonesimulator";
				SWIFT_EMIT_LOC_STRINGS = NO;
				SWIFT_VERSION = 5.0;
				TARGETED_DEVICE_FAMILY = "1,2";
			};
			name = Release;
		};
		D90000000000000000000001 /* Debug */ = {
			isa = XCBuildConfiguration;
			buildSettings = {
				APPLICATION_EXTENSION_API_ONLY = YES;
				CODE_SIGNING_ALLOWED = NO;
				CODE_SIGNING_REQUIRED = NO;
				CODE_SIGN_STYLE = Automatic;
				CURRENT_PROJECT_VERSION = 291;
				DEVELOPMENT_TEAM = "";
				GENERATE_INFOPLIST_FILE = NO;
				INFOPLIST_FILE = CookieCloudSafariExtension/Info.plist;
				IPHONEOS_DEPLOYMENT_TARGET = 17.0;
				LD_RUNPATH_SEARCH_PATHS = ("$(inherited)", "@executable_path/../../Frameworks");
				MARKETING_VERSION = 2026.0731.01;
				PRODUCT_BUNDLE_IDENTIFIER = com.ptools.harvest.CookieCloudSafariExtension;
				PRODUCT_NAME = "$(TARGET_NAME)";
				SKIP_INSTALL = YES;
				SUPPORTED_PLATFORMS = "iphoneos iphonesimulator";
				SWIFT_EMIT_LOC_STRINGS = YES;
				SWIFT_VERSION = 5.0;
				TARGETED_DEVICE_FAMILY = "1,2";
			};
			name = Debug;
		};
		D90000000000000000000002 /* Release */ = {
			isa = XCBuildConfiguration;
			buildSettings = {
				APPLICATION_EXTENSION_API_ONLY = YES;
				CODE_SIGNING_ALLOWED = NO;
				CODE_SIGNING_REQUIRED = NO;
				CODE_SIGN_STYLE = Automatic;
				CURRENT_PROJECT_VERSION = 291;
				DEVELOPMENT_TEAM = "";
				GENERATE_INFOPLIST_FILE = NO;
				INFOPLIST_FILE = CookieCloudSafariExtension/Info.plist;
				IPHONEOS_DEPLOYMENT_TARGET = 17.0;
				LD_RUNPATH_SEARCH_PATHS = ("$(inherited)", "@executable_path/../../Frameworks");
				MARKETING_VERSION = 2026.0731.01;
				PRODUCT_BUNDLE_IDENTIFIER = com.ptools.harvest.CookieCloudSafariExtension;
				PRODUCT_NAME = "$(TARGET_NAME)";
				SKIP_INSTALL = YES;
				SUPPORTED_PLATFORMS = "iphoneos iphonesimulator";
				SWIFT_EMIT_LOC_STRINGS = NO;
				SWIFT_VERSION = 5.0;
				TARGETED_DEVICE_FAMILY = "1,2";
			};
			name = Release;
		};
/* End XCBuildConfiguration section */

/* Begin XCConfigurationList section */
		900000000000000000000001 /* Build configuration list for PBXProject "Harvest" */ = {
			isa = XCConfigurationList;
			buildConfigurations = (
				A00000000000000000000001 /* Debug */,
				A00000000000000000000002 /* Release */,
			);
			defaultConfigurationIsVisible = 0;
			defaultConfigurationName = Release;
		};
		900000000000000000000002 /* Build configuration list for PBXNativeTarget "Harvest" */ = {
			isa = XCConfigurationList;
			buildConfigurations = (
				A00000000000000000000003 /* Debug */,
				A00000000000000000000004 /* Release */,
			);
			defaultConfigurationIsVisible = 0;
			defaultConfigurationName = Release;
		};
		C30000000000000000000001 /* Build configuration list for PBXNativeTarget "HarvestSafariExtension" */ = {
			isa = XCConfigurationList;
			buildConfigurations = (
				C20000000000000000000001 /* Debug */,
				C20000000000000000000002 /* Release */,
			);
			defaultConfigurationIsVisible = 0;
			defaultConfigurationName = Release;
		};
		DA0000000000000000000001 /* Build configuration list for PBXNativeTarget "CookieCloudSafariExtension" */ = {
			isa = XCConfigurationList;
			buildConfigurations = (
				D90000000000000000000001 /* Debug */,
				D90000000000000000000002 /* Release */,
			);
			defaultConfigurationIsVisible = 0;
			defaultConfigurationName = Release;
		};
/* End XCConfigurationList section */
	};
	rootObject = 600000000000000000000001 /* Project object */;
}
